// !$*UTF8*$!
{
	archiveVersion = 1;
	classes = {
	};
	objectVersion = 51;
	objects = {

/* Begin PBXBuildFile section */
		A2111E67254E2BE50089E0E0 /* Colors.xcassets in Resources */ = {isa = PBXBuildFile; fileRef = A2111E66254E2BE50089E0E0 /* Colors.xcassets */; };
		A2111E6B254E2C7F0089E0E0 /* Color+Extensions.swift in Sources */ = {isa = PBXBuildFile; fileRef = A2111E6A254E2C7F0089E0E0 /* Color+Extensions.swift */; };
		A2111E6F254E2D590089E0E0 /* WelcomeView.swift in Sources */ = {isa = PBXBuildFile; fileRef = A2111E6E254E2D590089E0E0 /* WelcomeView.swift */; };
		A2111E73254E31A30089E0E0 /* Font+Extensions.swift in Sources */ = {isa = PBXBuildFile; fileRef = A2111E72254E31A30089E0E0 /* Font+Extensions.swift */; };
		A2111E76254E331E0089E0E0 /* Images.xcassets in Resources */ = {isa = PBXBuildFile; fileRef = A2111E75254E331E0089E0E0 /* Images.xcassets */; };
		A2111E79254E33B40089E0E0 /* Screen+Extensions.swift in Sources */ = {isa = PBXBuildFile; fileRef = A2111E78254E33B40089E0E0 /* Screen+Extensions.swift */; };
		A2111E7D254E366F0089E0E0 /* Button+Styles.swift in Sources */ = {isa = PBXBuildFile; fileRef = A2111E7C254E366F0089E0E0 /* Button+Styles.swift */; };
		A2111E84254E38AE0089E0E0 /* RoundedImageButton.swift in Sources */ = {isa = PBXBuildFile; fileRef = A2111E83254E38AE0089E0E0 /* RoundedImageButton.swift */; };
		A2111E88254E3D440089E0E0 /* AccentButton.swift in Sources */ = {isa = PBXBuildFile; fileRef = A2111E87254E3D440089E0E0 /* AccentButton.swift */; };
		A2111E8B254E50A30089E0E0 /* SignUpView.swift in Sources */ = {isa = PBXBuildFile; fileRef = A2111E8A254E50A30089E0E0 /* SignUpView.swift */; };
		A23DCAAD254F0C920057882C /* RoundedIconTextField.swift in Sources */ = {isa = PBXBuildFile; fileRef = A23DCAAC254F0C920057882C /* RoundedIconTextField.swift */; };
		A23DCAB0254F13830057882C /* LogoView.swift in Sources */ = {isa = PBXBuildFile; fileRef = A23DCAAF254F13830057882C /* LogoView.swift */; };
		A23DCAB4254F1A350057882C /* ActivityIndicatorView.swift in Sources */ = {isa = PBXBuildFile; fileRef = A23DCAB3254F1A350057882C /* ActivityIndicatorView.swift */; };
		A23DCAB8254F1D260057882C /* LoadingView.swift in Sources */ = {isa = PBXBuildFile; fileRef = A23DCAB7254F1D260057882C /* LoadingView.swift */; };
		A23DCABC254F2A790057882C /* AuthService.swift in Sources */ = {isa = PBXBuildFile; fileRef = A23DCABB254F2A790057882C /* AuthService.swift */; };
		A23DCADB254F333D0057882C /* String+Extensions.swift in Sources */ = {isa = PBXBuildFile; fileRef = A23DCADA254F333D0057882C /* String+Extensions.swift */; };
		A27DE0F0254E1D6700286950 /* AppDelegate.swift in Sources */ = {isa = PBXBuildFile; fileRef = A27DE0EF254E1D6700286950 /* AppDelegate.swift */; };
		A27DE0F2254E1D6700286950 /* SceneDelegate.swift in Sources */ = {isa = PBXBuildFile; fileRef = A27DE0F1254E1D6700286950 /* SceneDelegate.swift */; };
		A27DE0F4254E1D6700286950 /* ContentView.swift in Sources */ = {isa = PBXBuildFile; fileRef = A27DE0F3254E1D6700286950 /* ContentView.swift */; };
		A27DE0F6254E1D6C00286950 /* Assets.xcassets in Resources */ = {isa = PBXBuildFile; fileRef = A27DE0F5254E1D6C00286950 /* Assets.xcassets */; };
		A27DE0F9254E1D6C00286950 /* Preview Assets.xcassets in Resources */ = {isa = PBXBuildFile; fileRef = A27DE0F8254E1D6C00286950 /* Preview Assets.xcassets */; };
		A27DE0FC254E1D6C00286950 /* LaunchScreen.storyboard in Resources */ = {isa = PBXBuildFile; fileRef = A27DE0FA254E1D6C00286950 /* LaunchScreen.storyboard */; };
		A27DE105254E1E8F00286950 /* GoogleService-Info.plist in Resources */ = {isa = PBXBuildFile; fileRef = A27DE104254E1E8F00286950 /* GoogleService-Info.plist */; };
		A2843D9A255062BA001453C7 /* Localizable.strings in Resources */ = {isa = PBXBuildFile; fileRef = A2843D9C255062BA001453C7 /* Localizable.strings */; };
		A29C8CE5254F77B600F30405 /* SessionStore.swift in Sources */ = {isa = PBXBuildFile; fileRef = A29C8CE4254F77B600F30405 /* SessionStore.swift */; };
		A29C8CEA254F782900F30405 /* User.swift in Sources */ = {isa = PBXBuildFile; fileRef = A29C8CE9254F782900F30405 /* User.swift */; };
		A29C8CEE254F888600F30405 /* UIApplication+Extensions.swift in Sources */ = {isa = PBXBuildFile; fileRef = A29C8CED254F888600F30405 /* UIApplication+Extensions.swift */; };
		A29C8CF1254FC77500F30405 /* LoginView.swift in Sources */ = {isa = PBXBuildFile; fileRef = A29C8CF0254FC77500F30405 /* LoginView.swift */; };
		D72789FDBB82A3EA38E9F6D9 /* Pods_Jobamax.framework in Frameworks */ = {isa = PBXBuildFile; fileRef = 81CF8DAACD812A524C37AD9D /* Pods_Jobamax.framework */; };
/* End PBXBuildFile section */

/* Begin PBXFileReference section */
		02C11FC72F12994E51795617 /* Pods-Jobamax.release.xcconfig */ = {isa = PBXFileReference; includeInIndex = 1; lastKnownFileType = text.xcconfig; name = "Pods-Jobamax.release.xcconfig"; path = "Target Support Files/Pods-Jobamax/Pods-Jobamax.release.xcconfig"; sourceTree = "<group>"; };
		746A8A01688F89C75E67FC05 /* Pods-Jobamax.debug.xcconfig */ = {isa = PBXFileReference; includeInIndex = 1; lastKnownFileType = text.xcconfig; name = "Pods-Jobamax.debug.xcconfig"; path = "Target Support Files/Pods-Jobamax/Pods-Jobamax.debug.xcconfig"; sourceTree = "<group>"; };
		81CF8DAACD812A524C37AD9D /* Pods_Jobamax.framework */ = {isa = PBXFileReference; explicitFileType = wrapper.framework; includeInIndex = 0; path = Pods_Jobamax.framework; sourceTree = BUILT_PRODUCTS_DIR; };
		A2111E66254E2BE50089E0E0 /* Colors.xcassets */ = {isa = PBXFileReference; lastKnownFileType = folder.assetcatalog; path = Colors.xcassets; sourceTree = "<group>"; };
		A2111E6A254E2C7F0089E0E0 /* Color+Extensions.swift */ = {isa = PBXFileReference; lastKnownFileType = sourcecode.swift; path = "Color+Extensions.swift"; sourceTree = "<group>"; };
		A2111E6E254E2D590089E0E0 /* WelcomeView.swift */ = {isa = PBXFileReference; lastKnownFileType = sourcecode.swift; path = WelcomeView.swift; sourceTree = "<group>"; };
		A2111E72254E31A30089E0E0 /* Font+Extensions.swift */ = {isa = PBXFileReference; lastKnownFileType = sourcecode.swift; path = "Font+Extensions.swift"; sourceTree = "<group>"; };
		A2111E75254E331E0089E0E0 /* Images.xcassets */ = {isa = PBXFileReference; lastKnownFileType = folder.assetcatalog; path = Images.xcassets; sourceTree = "<group>"; };
		A2111E78254E33B40089E0E0 /* Screen+Extensions.swift */ = {isa = PBXFileReference; lastKnownFileType = sourcecode.swift; path = "Screen+Extensions.swift"; sourceTree = "<group>"; };
		A2111E7C254E366F0089E0E0 /* Button+Styles.swift */ = {isa = PBXFileReference; lastKnownFileType = sourcecode.swift; path = "Button+Styles.swift"; sourceTree = "<group>"; };
		A2111E83254E38AE0089E0E0 /* RoundedImageButton.swift */ = {isa = PBXFileReference; lastKnownFileType = sourcecode.swift; path = RoundedImageButton.swift; sourceTree = "<group>"; };
		A2111E87254E3D440089E0E0 /* AccentButton.swift */ = {isa = PBXFileReference; lastKnownFileType = sourcecode.swift; path = AccentButton.swift; sourceTree = "<group>"; };
		A2111E8A254E50A30089E0E0 /* SignUpView.swift */ = {isa = PBXFileReference; lastKnownFileType = sourcecode.swift; path = SignUpView.swift; sourceTree = "<group>"; };
		A23DCAAC254F0C920057882C /* RoundedIconTextField.swift */ = {isa = PBXFileReference; lastKnownFileType = sourcecode.swift; path = RoundedIconTextField.swift; sourceTree = "<group>"; };
		A23DCAAF254F13830057882C /* LogoView.swift */ = {isa = PBXFileReference; lastKnownFileType = sourcecode.swift; path = LogoView.swift; sourceTree = "<group>"; };
		A23DCAB3254F1A350057882C /* ActivityIndicatorView.swift */ = {isa = PBXFileReference; lastKnownFileType = sourcecode.swift; path = ActivityIndicatorView.swift; sourceTree = "<group>"; };
		A23DCAB7254F1D260057882C /* LoadingView.swift */ = {isa = PBXFileReference; lastKnownFileType = sourcecode.swift; path = LoadingView.swift; sourceTree = "<group>"; };
		A23DCABB254F2A790057882C /* AuthService.swift */ = {isa = PBXFileReference; lastKnownFileType = sourcecode.swift; path = AuthService.swift; sourceTree = "<group>"; };
		A23DCADA254F333D0057882C /* String+Extensions.swift */ = {isa = PBXFileReference; lastKnownFileType = sourcecode.swift; path = "String+Extensions.swift"; sourceTree = "<group>"; };
		A27DE0EC254E1D6700286950 /* Jobamax.app */ = {isa = PBXFileReference; explicitFileType = wrapper.application; includeInIndex = 0; path = Jobamax.app; sourceTree = BUILT_PRODUCTS_DIR; };
		A27DE0EF254E1D6700286950 /* AppDelegate.swift */ = {isa = PBXFileReference; lastKnownFileType = sourcecode.swift; path = AppDelegate.swift; sourceTree = "<group>"; };
		A27DE0F1254E1D6700286950 /* SceneDelegate.swift */ = {isa = PBXFileReference; lastKnownFileType = sourcecode.swift; path = SceneDelegate.swift; sourceTree = "<group>"; };
		A27DE0F3254E1D6700286950 /* ContentView.swift */ = {isa = PBXFileReference; lastKnownFileType = sourcecode.swift; path = ContentView.swift; sourceTree = "<group>"; };
		A27DE0F5254E1D6C00286950 /* Assets.xcassets */ = {isa = PBXFileReference; lastKnownFileType = folder.assetcatalog; path = Assets.xcassets; sourceTree = "<group>"; };
		A27DE0F8254E1D6C00286950 /* Preview Assets.xcassets */ = {isa = PBXFileReference; lastKnownFileType = folder.assetcatalog; path = "Preview Assets.xcassets"; sourceTree = "<group>"; };
		A27DE0FB254E1D6C00286950 /* Base */ = {isa = PBXFileReference; lastKnownFileType = file.storyboard; name = Base; path = Base.lproj/LaunchScreen.storyboard; sourceTree = "<group>"; };
		A27DE0FD254E1D6C00286950 /* Info.plist */ = {isa = PBXFileReference; lastKnownFileType = text.plist.xml; path = Info.plist; sourceTree = "<group>"; };
		A27DE104254E1E8F00286950 /* GoogleService-Info.plist */ = {isa = PBXFileReference; lastKnownFileType = text.plist.xml; name = "GoogleService-Info.plist"; path = "Jobamax/GoogleService-Info.plist"; sourceTree = SOURCE_ROOT; };
		A2843D9625506274001453C7 /* fr */ = {isa = PBXFileReference; lastKnownFileType = text.plist.strings; name = fr; path = fr.lproj/LaunchScreen.strings; sourceTree = "<group>"; };
		A2843D9825506289001453C7 /* es */ = {isa = PBXFileReference; lastKnownFileType = text.plist.strings; name = es; path = es.lproj/LaunchScreen.strings; sourceTree = "<group>"; };
		A2843D9B255062BA001453C7 /* en */ = {isa = PBXFileReference; lastKnownFileType = text.plist.strings; name = en; path = en.lproj/Localizable.strings; sourceTree = "<group>"; };
		A2843D9E255062BC001453C7 /* fr */ = {isa = PBXFileReference; lastKnownFileType = text.plist.strings; name = fr; path = fr.lproj/Localizable.strings; sourceTree = "<group>"; };
		A2843D9F255062BE001453C7 /* es */ = {isa = PBXFileReference; lastKnownFileType = text.plist.strings; name = es; path = es.lproj/Localizable.strings; sourceTree = "<group>"; };
		A29C8CE4254F77B600F30405 /* SessionStore.swift */ = {isa = PBXFileReference; lastKnownFileType = sourcecode.swift; path = SessionStore.swift; sourceTree = "<group>"; };
		A29C8CE9254F782900F30405 /* User.swift */ = {isa = PBXFileReference; lastKnownFileType = sourcecode.swift; path = User.swift; sourceTree = "<group>"; };
		A29C8CED254F888600F30405 /* UIApplication+Extensions.swift */ = {isa = PBXFileReference; lastKnownFileType = sourcecode.swift; path = "UIApplication+Extensions.swift"; sourceTree = "<group>"; };
		A29C8CF0254FC77500F30405 /* LoginView.swift */ = {isa = PBXFileReference; lastKnownFileType = sourcecode.swift; path = LoginView.swift; sourceTree = "<group>"; };
/* End PBXFileReference section */

/* Begin PBXFrameworksBuildPhase section */
		A27DE0E9254E1D6700286950 /* Frameworks */ = {
			isa = PBXFrameworksBuildPhase;
			buildActionMask = 2147483647;
			files = (
				D72789FDBB82A3EA38E9F6D9 /* Pods_Jobamax.framework in Frameworks */,
			);
			runOnlyForDeploymentPostprocessing = 0;
		};
/* End PBXFrameworksBuildPhase section */

/* Begin PBXGroup section */
		6FF0229764AA4D6B78031678 /* Frameworks */ = {
			isa = PBXGroup;
			children = (
				81CF8DAACD812A524C37AD9D /* Pods_Jobamax.framework */,
			);
			name = Frameworks;
			sourceTree = "<group>";
		};
		8E14384A4991161571B61A69 /* Pods */ = {
			isa = PBXGroup;
			children = (
				746A8A01688F89C75E67FC05 /* Pods-Jobamax.debug.xcconfig */,
				02C11FC72F12994E51795617 /* Pods-Jobamax.release.xcconfig */,
			);
			path = Pods;
			sourceTree = "<group>";
		};
		A2111E63254E2A620089E0E0 /* Default */ = {
			isa = PBXGroup;
			children = (
				A27DE104254E1E8F00286950 /* GoogleService-Info.plist */,
				A27DE0EF254E1D6700286950 /* AppDelegate.swift */,
				A27DE0F1254E1D6700286950 /* SceneDelegate.swift */,
				A27DE0F5254E1D6C00286950 /* Assets.xcassets */,
				A27DE0FA254E1D6C00286950 /* LaunchScreen.storyboard */,
				A27DE0FD254E1D6C00286950 /* Info.plist */,
				A2111E66254E2BE50089E0E0 /* Colors.xcassets */,
				A2111E75254E331E0089E0E0 /* Images.xcassets */,
				A2843D9C255062BA001453C7 /* Localizable.strings */,
			);
			name = Default;
			sourceTree = "<group>";
		};
		A2111E64254E2A750089E0E0 /* View */ = {
			isa = PBXGroup;
			children = (
				A23DCAB2254F1A160057882C /* UIKitViews */,
				A27DE0F3254E1D6700286950 /* ContentView.swift */,
				A2111E6E254E2D590089E0E0 /* WelcomeView.swift */,
				A2111E8A254E50A30089E0E0 /* SignUpView.swift */,
				A29C8CF0254FC77500F30405 /* LoginView.swift */,
			);
			path = View;
			sourceTree = "<group>";
		};
		A2111E65254E2A7C0089E0E0 /* Model */ = {
			isa = PBXGroup;
			children = (
				A29C8CE9254F782900F30405 /* User.swift */,
			);
			path = Model;
			sourceTree = "<group>";
		};
		A2111E69254E2C640089E0E0 /* Extension */ = {
			isa = PBXGroup;
			children = (
				A2111E6A254E2C7F0089E0E0 /* Color+Extensions.swift */,
				A2111E72254E31A30089E0E0 /* Font+Extensions.swift */,
				A2111E78254E33B40089E0E0 /* Screen+Extensions.swift */,
				A23DCADA254F333D0057882C /* String+Extensions.swift */,
				A29C8CED254F888600F30405 /* UIApplication+Extensions.swift */,
			);
			path = Extension;
			sourceTree = "<group>";
		};
		A2111E7B254E36500089E0E0 /* Styles */ = {
			isa = PBXGroup;
			children = (
				A2111E7C254E366F0089E0E0 /* Button+Styles.swift */,
			);
			path = Styles;
			sourceTree = "<group>";
		};
		A2111E82254E387D0089E0E0 /* Components */ = {
			isa = PBXGroup;
			children = (
				A2111E83254E38AE0089E0E0 /* RoundedImageButton.swift */,
				A2111E87254E3D440089E0E0 /* AccentButton.swift */,
				A23DCAAC254F0C920057882C /* RoundedIconTextField.swift */,
				A23DCAAF254F13830057882C /* LogoView.swift */,
				A23DCAB7254F1D260057882C /* LoadingView.swift */,
			);
			path = Components;
			sourceTree = "<group>";
		};
		A23DCAB2254F1A160057882C /* UIKitViews */ = {
			isa = PBXGroup;
			children = (
				A23DCAB3254F1A350057882C /* ActivityIndicatorView.swift */,
			);
			path = UIKitViews;
			sourceTree = "<group>";
		};
		A23DCABA254F2A200057882C /* Services */ = {
			isa = PBXGroup;
			children = (
				A23DCABB254F2A790057882C /* AuthService.swift */,
			);
			path = Services;
			sourceTree = "<group>";
		};
		A23DCABF254F2D400057882C /* ViewModel */ = {
			isa = PBXGroup;
			children = (
			);
			path = ViewModel;
			sourceTree = "<group>";
		};
		A27DE0E3254E1D6700286950 = {
			isa = PBXGroup;
			children = (
				A27DE0EE254E1D6700286950 /* Jobamax */,
				A27DE0ED254E1D6700286950 /* Products */,
				8E14384A4991161571B61A69 /* Pods */,
				6FF0229764AA4D6B78031678 /* Frameworks */,
			);
			sourceTree = "<group>";
		};
		A27DE0ED254E1D6700286950 /* Products */ = {
			isa = PBXGroup;
			children = (
				A27DE0EC254E1D6700286950 /* Jobamax.app */,
			);
			name = Products;
			sourceTree = "<group>";
		};
		A27DE0EE254E1D6700286950 /* Jobamax */ = {
			isa = PBXGroup;
			children = (
				A29C8CE3254F77A400F30405 /* Stores */,
				A2111E82254E387D0089E0E0 /* Components */,
				A2111E7B254E36500089E0E0 /* Styles */,
				A23DCABA254F2A200057882C /* Services */,
				A2111E69254E2C640089E0E0 /* Extension */,
				A2111E65254E2A7C0089E0E0 /* Model */,
				A2111E64254E2A750089E0E0 /* View */,
				A23DCABF254F2D400057882C /* ViewModel */,
				A2111E63254E2A620089E0E0 /* Default */,
				A27DE0F7254E1D6C00286950 /* Preview Content */,
			);
			path = Jobamax;
			sourceTree = "<group>";
		};
		A27DE0F7254E1D6C00286950 /* Preview Content */ = {
			isa = PBXGroup;
			children = (
				A27DE0F8254E1D6C00286950 /* Preview Assets.xcassets */,
			);
			path = "Preview Content";
			sourceTree = "<group>";
		};
		A29C8CE3254F77A400F30405 /* Stores */ = {
			isa = PBXGroup;
			children = (
				A29C8CE4254F77B600F30405 /* SessionStore.swift */,
			);
			path = Stores;
			sourceTree = "<group>";
		};
/* End PBXGroup section */

/* Begin PBXNativeTarget section */
		A27DE0EB254E1D6700286950 /* Jobamax */ = {
			isa = PBXNativeTarget;
			buildConfigurationList = A27DE100254E1D6C00286950 /* Build configuration list for PBXNativeTarget "Jobamax" */;
			buildPhases = (
				BAD1FE3EC3A34880B40D5338 /* [CP] Check Pods Manifest.lock */,
				A27DE0E8254E1D6700286950 /* Sources */,
				A27DE0E9254E1D6700286950 /* Frameworks */,
				A27DE0EA254E1D6700286950 /* Resources */,
				5C1B2C9E592E85494DDCF330 /* [CP] Embed Pods Frameworks */,
			);
			buildRules = (
			);
			dependencies = (
			);
			name = Jobamax;
			packageProductDependencies = (
			);
			productName = Jobamax;
			productReference = A27DE0EC254E1D6700286950 /* Jobamax.app */;
			productType = "com.apple.product-type.application";
		};
/* End PBXNativeTarget section */

/* Begin PBXProject section */
		A27DE0E4254E1D6700286950 /* Project object */ = {
			isa = PBXProject;
			attributes = {
				LastSwiftUpdateCheck = 1210;
				LastUpgradeCheck = 1210;
				TargetAttributes = {
					A27DE0EB254E1D6700286950 = {
						CreatedOnToolsVersion = 12.1;
					};
				};
			};
			buildConfigurationList = A27DE0E7254E1D6700286950 /* Build configuration list for PBXProject "Jobamax" */;
			compatibilityVersion = "Xcode 9.3";
			developmentRegion = en;
			hasScannedForEncodings = 0;
			knownRegions = (
				en,
				Base,
				fr,
				es,
			);
			mainGroup = A27DE0E3254E1D6700286950;
			packageReferences = (
			);
			productRefGroup = A27DE0ED254E1D6700286950 /* Products */;
			projectDirPath = "";
			projectRoot = "";
			targets = (
				A27DE0EB254E1D6700286950 /* Jobamax */,
			);
		};
/* End PBXProject section */

/* Begin PBXResourcesBuildPhase section */
		A27DE0EA254E1D6700286950 /* Resources */ = {
			isa = PBXResourcesBuildPhase;
			buildActionMask = 2147483647;
			files = (
				A2111E67254E2BE50089E0E0 /* Colors.xcassets in Resources */,
				A27DE0FC254E1D6C00286950 /* LaunchScreen.storyboard in Resources */,
				A27DE105254E1E8F00286950 /* GoogleService-Info.plist in Resources */,
				A2843D9A255062BA001453C7 /* Localizable.strings in Resources */,
				A2111E76254E331E0089E0E0 /* Images.xcassets in Resources */,
				A27DE0F9254E1D6C00286950 /* Preview Assets.xcassets in Resources */,
				A27DE0F6254E1D6C00286950 /* Assets.xcassets in Resources */,
			);
			runOnlyForDeploymentPostprocessing = 0;
		};
/* End PBXResourcesBuildPhase section */

/* Begin PBXShellScriptBuildPhase section */
		5C1B2C9E592E85494DDCF330 /* [CP] Embed Pods Frameworks */ = {
			isa = PBXShellScriptBuildPhase;
			buildActionMask = 2147483647;
			files = (
			);
			inputFileListPaths = (
				"${PODS_ROOT}/Target Support Files/Pods-Jobamax/Pods-Jobamax-frameworks-${CONFIGURATION}-input-files.xcfilelist",
			);
			name = "[CP] Embed Pods Frameworks";
			outputFileListPaths = (
				"${PODS_ROOT}/Target Support Files/Pods-Jobamax/Pods-Jobamax-frameworks-${CONFIGURATION}-output-files.xcfilelist",
			);
			runOnlyForDeploymentPostprocessing = 0;
			shellPath = /bin/sh;
			shellScript = "\"${PODS_ROOT}/Target Support Files/Pods-Jobamax/Pods-Jobamax-frameworks.sh\"\n";
			showEnvVarsInLog = 0;
		};
		BAD1FE3EC3A34880B40D5338 /* [CP] Check Pods Manifest.lock */ = {
			isa = PBXShellScriptBuildPhase;
			buildActionMask = 2147483647;
			files = (
			);
			inputFileListPaths = (
			);
			inputPaths = (
				"${PODS_PODFILE_DIR_PATH}/Podfile.lock",
				"${PODS_ROOT}/Manifest.lock",
			);
			name = "[CP] Check Pods Manifest.lock";
			outputFileListPaths = (
			);
			outputPaths = (
				"$(DERIVED_FILE_DIR)/Pods-Jobamax-checkManifestLockResult.txt",
			);
			runOnlyForDeploymentPostprocessing = 0;
			shellPath = /bin/sh;
			shellScript = "diff \"${PODS_PODFILE_DIR_PATH}/Podfile.lock\" \"${PODS_ROOT}/Manifest.lock\" > /dev/null\nif [ $? != 0 ] ; then\n    # print error to STDERR\n    echo \"error: The sandbox is not in sync with the Podfile.lock. Run 'pod install' or update your CocoaPods installation.\" >&2\n    exit 1\nfi\n# This output is used by Xcode 'outputs' to avoid re-running this script phase.\necho \"SUCCESS\" > \"${SCRIPT_OUTPUT_FILE_0}\"\n";
			showEnvVarsInLog = 0;
		};
/* End PBXShellScriptBuildPhase section */

/* Begin PBXSourcesBuildPhase section */
		A27DE0E8254E1D6700286950 /* Sources */ = {
			isa = PBXSourcesBuildPhase;
			buildActionMask = 2147483647;
			files = (
				A2111E73254E31A30089E0E0 /* Font+Extensions.swift in Sources */,
				A2111E84254E38AE0089E0E0 /* RoundedImageButton.swift in Sources */,
				A2111E6F254E2D590089E0E0 /* WelcomeView.swift in Sources */,
				A2111E79254E33B40089E0E0 /* Screen+Extensions.swift in Sources */,
				A2111E7D254E366F0089E0E0 /* Button+Styles.swift in Sources */,
				A2111E8B254E50A30089E0E0 /* SignUpView.swift in Sources */,
				A2111E88254E3D440089E0E0 /* AccentButton.swift in Sources */,
				A29C8CE5254F77B600F30405 /* SessionStore.swift in Sources */,
				A27DE0F0254E1D6700286950 /* AppDelegate.swift in Sources */,
				A23DCAB8254F1D260057882C /* LoadingView.swift in Sources */,
				A29C8CEE254F888600F30405 /* UIApplication+Extensions.swift in Sources */,
				A23DCAAD254F0C920057882C /* RoundedIconTextField.swift in Sources */,
				A27DE0F2254E1D6700286950 /* SceneDelegate.swift in Sources */,
				A27DE0F4254E1D6700286950 /* ContentView.swift in Sources */,
				A23DCADB254F333D0057882C /* String+Extensions.swift in Sources */,
				A29C8CF1254FC77500F30405 /* LoginView.swift in Sources */,
				A23DCAB0254F13830057882C /* LogoView.swift in Sources */,
				A2111E6B254E2C7F0089E0E0 /* Color+Extensions.swift in Sources */,
				A23DCAB4254F1A350057882C /* ActivityIndicatorView.swift in Sources */,
				A23DCABC254F2A790057882C /* AuthService.swift in Sources */,
				A29C8CEA254F782900F30405 /* User.swift in Sources */,
			);
			runOnlyForDeploymentPostprocessing = 0;
		};
/* End PBXSourcesBuildPhase section */

/* Begin PBXVariantGroup section */
		A27DE0FA254E1D6C00286950 /* LaunchScreen.storyboard */ = {
			isa = PBXVariantGroup;
			children = (
				A27DE0FB254E1D6C00286950 /* Base */,
				A2843D9625506274001453C7 /* fr */,
				A2843D9825506289001453C7 /* es */,
			);
			name = LaunchScreen.storyboard;
			sourceTree = "<group>";
		};
		A2843D9C255062BA001453C7 /* Localizable.strings */ = {
			isa = PBXVariantGroup;
			children = (
				A2843D9B255062BA001453C7 /* en */,
				A2843D9E255062BC001453C7 /* fr */,
				A2843D9F255062BE001453C7 /* es */,
			);
			name = Localizable.strings;
			sourceTree = "<group>";
		};
/* End PBXVariantGroup section */

/* Begin XCBuildConfiguration section */
		A27DE0FE254E1D6C00286950 /* Debug */ = {
			isa = XCBuildConfiguration;
			buildSettings = {
				ALWAYS_SEARCH_USER_PATHS = NO;
				CLANG_ANALYZER_LOCALIZABILITY_NONLOCALIZED = YES;
				CLANG_ANALYZER_NONNULL = YES;
				CLANG_ANALYZER_NUMBER_OBJECT_CONVERSION = YES_AGGRESSIVE;
				CLANG_CXX_LANGUAGE_STANDARD = "gnu++14";
				CLANG_CXX_LIBRARY = "libc++";
				CLANG_ENABLE_MODULES = YES;
				CLANG_ENABLE_OBJC_ARC = YES;
				CLANG_ENABLE_OBJC_WEAK = YES;
				CLANG_WARN_BLOCK_CAPTURE_AUTORELEASING = YES;
				CLANG_WARN_BOOL_CONVERSION = YES;
				CLANG_WARN_COMMA = YES;
				CLANG_WARN_CONSTANT_CONVERSION = YES;
				CLANG_WARN_DEPRECATED_OBJC_IMPLEMENTATIONS = YES;
				CLANG_WARN_DIRECT_OBJC_ISA_USAGE = YES_ERROR;
				CLANG_WARN_DOCUMENTATION_COMMENTS = YES;
				CLANG_WARN_EMPTY_BODY = YES;
				CLANG_WARN_ENUM_CONVERSION = YES;
				CLANG_WARN_INFINITE_RECURSION = YES;
				CLANG_WARN_INT_CONVERSION = YES;
				CLANG_WARN_NON_LITERAL_NULL_CONVERSION = YES;
				CLANG_WARN_OBJC_IMPLICIT_RETAIN_SELF = YES;
				CLANG_WARN_OBJC_LITERAL_CONVERSION = YES;
				CLANG_WARN_OBJC_ROOT_CLASS = YES_ERROR;
				CLANG_WARN_QUOTED_INCLUDE_IN_FRAMEWORK_HEADER = YES;
				CLANG_WARN_RANGE_LOOP_ANALYSIS = YES;
				CLANG_WARN_STRICT_PROTOTYPES = YES;
				CLANG_WARN_SUSPICIOUS_MOVE = YES;
				CLANG_WARN_UNGUARDED_AVAILABILITY = YES_AGGRESSIVE;
				CLANG_WARN_UNREACHABLE_CODE = YES;
				CLANG_WARN__DUPLICATE_METHOD_MATCH = YES;
				COPY_PHASE_STRIP = NO;
				DEBUG_INFORMATION_FORMAT = dwarf;
				ENABLE_STRICT_OBJC_MSGSEND = YES;
				ENABLE_TESTABILITY = YES;
				GCC_C_LANGUAGE_STANDARD = gnu11;
				GCC_DYNAMIC_NO_PIC = NO;
				GCC_NO_COMMON_BLOCKS = YES;
				GCC_OPTIMIZATION_LEVEL = 0;
				GCC_PREPROCESSOR_DEFINITIONS = (
					"DEBUG=1",
					"$(inherited)",
				);
				GCC_WARN_64_TO_32_BIT_CONVERSION = YES;
				GCC_WARN_ABOUT_RETURN_TYPE = YES_ERROR;
				GCC_WARN_UNDECLARED_SELECTOR = YES;
				GCC_WARN_UNINITIALIZED_AUTOS = YES_AGGRESSIVE;
				GCC_WARN_UNUSED_FUNCTION = YES;
				GCC_WARN_UNUSED_VARIABLE = YES;
				IPHONEOS_DEPLOYMENT_TARGET = 14.1;
				MTL_ENABLE_DEBUG_INFO = INCLUDE_SOURCE;
				MTL_FAST_MATH = YES;
				ONLY_ACTIVE_ARCH = YES;
				SDKROOT = iphoneos;
				SWIFT_ACTIVE_COMPILATION_CONDITIONS = DEBUG;
				SWIFT_OPTIMIZATION_LEVEL = "-Onone";
			};
			name = Debug;
		};
		A27DE0FF254E1D6C00286950 /* Release */ = {
			isa = XCBuildConfiguration;
			buildSettings = {
				ALWAYS_SEARCH_USER_PATHS = NO;
				CLANG_ANALYZER_LOCALIZABILITY_NONLOCALIZED = YES;
				CLANG_ANALYZER_NONNULL = YES;
				CLANG_ANALYZER_NUMBER_OBJECT_CONVERSION = YES_AGGRESSIVE;
				CLANG_CXX_LANGUAGE_STANDARD = "gnu++14";
				CLANG_CXX_LIBRARY = "libc++";
				CLANG_ENABLE_MODULES = YES;
				CLANG_ENABLE_OBJC_ARC = YES;
				CLANG_ENABLE_OBJC_WEAK = YES;
				CLANG_WARN_BLOCK_CAPTURE_AUTORELEASING = YES;
				CLANG_WARN_BOOL_CONVERSION = YES;
				CLANG_WARN_COMMA = YES;
				CLANG_WARN_CONSTANT_CONVERSION = YES;
				CLANG_WARN_DEPRECATED_OBJC_IMPLEMENTATIONS = YES;
				CLANG_WARN_DIRECT_OBJC_ISA_USAGE = YES_ERROR;
				CLANG_WARN_DOCUMENTATION_COMMENTS = YES;
				CLANG_WARN_EMPTY_BODY = YES;
				CLANG_WARN_ENUM_CONVERSION = YES;
				CLANG_WARN_INFINITE_RECURSION = YES;
				CLANG_WARN_INT_CONVERSION = YES;
				CLANG_WARN_NON_LITERAL_NULL_CONVERSION = YES;
				CLANG_WARN_OBJC_IMPLICIT_RETAIN_SELF = YES;
				CLANG_WARN_OBJC_LITERAL_CONVERSION = YES;
				CLANG_WARN_OBJC_ROOT_CLASS = YES_ERROR;
				CLANG_WARN_QUOTED_INCLUDE_IN_FRAMEWORK_HEADER = YES;
				CLANG_WARN_RANGE_LOOP_ANALYSIS = YES;
				CLANG_WARN_STRICT_PROTOTYPES = YES;
				CLANG_WARN_SUSPICIOUS_MOVE = YES;
				CLANG_WARN_UNGUARDED_AVAILABILITY = YES_AGGRESSIVE;
				CLANG_WARN_UNREACHABLE_CODE = YES;
				CLANG_WARN__DUPLICATE_METHOD_MATCH = YES;
				COPY_PHASE_STRIP = NO;
				DEBUG_INFORMATION_FORMAT = "dwarf-with-dsym";
				ENABLE_NS_ASSERTIONS = NO;
				ENABLE_STRICT_OBJC_MSGSEND = YES;
				GCC_C_LANGUAGE_STANDARD = gnu11;
				GCC_NO_COMMON_BLOCKS = YES;
				GCC_WARN_64_TO_32_BIT_CONVERSION = YES;
				GCC_WARN_ABOUT_RETURN_TYPE = YES_ERROR;
				GCC_WARN_UNDECLARED_SELECTOR = YES;
				GCC_WARN_UNINITIALIZED_AUTOS = YES_AGGRESSIVE;
				GCC_WARN_UNUSED_FUNCTION = YES;
				GCC_WARN_UNUSED_VARIABLE = YES;
				IPHONEOS_DEPLOYMENT_TARGET = 14.1;
				MTL_ENABLE_DEBUG_INFO = NO;
				MTL_FAST_MATH = YES;
				SDKROOT = iphoneos;
				SWIFT_COMPILATION_MODE = wholemodule;
				SWIFT_OPTIMIZATION_LEVEL = "-O";
				VALIDATE_PRODUCT = YES;
			};
			name = Release;
		};
		A27DE101254E1D6C00286950 /* Debug */ = {
			isa = XCBuildConfiguration;
			baseConfigurationReference = 746A8A01688F89C75E67FC05 /* Pods-Jobamax.debug.xcconfig */;
			buildSettings = {
				ASSETCATALOG_COMPILER_APPICON_NAME = AppIcon;
				ASSETCATALOG_COMPILER_GLOBAL_ACCENT_COLOR_NAME = AccentColor;
				CODE_SIGN_STYLE = Automatic;
				DEVELOPMENT_ASSET_PATHS = "\"Jobamax/Preview Content\"";
				DEVELOPMENT_TEAM = 73V22638MH;
				ENABLE_PREVIEWS = YES;
				INFOPLIST_FILE = Jobamax/Info.plist;
				LD_RUNPATH_SEARCH_PATHS = (
					"$(inherited)",
					"@executable_path/Frameworks",
				);
				PRODUCT_BUNDLE_IDENTIFIER = com.todosVuelan.Jobamax;
				PRODUCT_NAME = "$(TARGET_NAME)";
				SWIFT_VERSION = 5.0;
				TARGETED_DEVICE_FAMILY = "1,2";
			};
			name = Debug;
		};
		A27DE102254E1D6C00286950 /* Release */ = {
			isa = XCBuildConfiguration;
			baseConfigurationReference = 02C11FC72F12994E51795617 /* Pods-Jobamax.release.xcconfig */;
			buildSettings = {
				ASSETCATALOG_COMPILER_APPICON_NAME = AppIcon;
				ASSETCATALOG_COMPILER_GLOBAL_ACCENT_COLOR_NAME = AccentColor;
				CODE_SIGN_STYLE = Automatic;
				DEVELOPMENT_ASSET_PATHS = "\"Jobamax/Preview Content\"";
				DEVELOPMENT_TEAM = 73V22638MH;
				ENABLE_PREVIEWS = YES;
				INFOPLIST_FILE = Jobamax/Info.plist;
				LD_RUNPATH_SEARCH_PATHS = (
					"$(inherited)",
					"@executable_path/Frameworks",
				);
				PRODUCT_BUNDLE_IDENTIFIER = com.todosVuelan.Jobamax;
				PRODUCT_NAME = "$(TARGET_NAME)";
				SWIFT_VERSION = 5.0;
				TARGETED_DEVICE_FAMILY = "1,2";
			};
			name = Release;
		};
/* End XCBuildConfiguration section */

/* Begin XCConfigurationList section */
		A27DE0E7254E1D6700286950 /* Build configuration list for PBXProject "Jobamax" */ = {
			isa = XCConfigurationList;
			buildConfigurations = (
				A27DE0FE254E1D6C00286950 /* Debug */,
				A27DE0FF254E1D6C00286950 /* Release */,
			);
			defaultConfigurationIsVisible = 0;
			defaultConfigurationName = Release;
		};
		A27DE100254E1D6C00286950 /* Build configuration list for PBXNativeTarget "Jobamax" */ = {
			isa = XCConfigurationList;
			buildConfigurations = (
				A27DE101254E1D6C00286950 /* Debug */,
				A27DE102254E1D6C00286950 /* Release */,
			);
			defaultConfigurationIsVisible = 0;
			defaultConfigurationName = Release;
		};
/* End XCConfigurationList section */
	};
	rootObject = A27DE0E4254E1D6700286950 /* Project object */;
}
